
Microsoft Visual Studio Solution File, Format Version 12.00
# Visual Studio Version 17
VisualStudioVersion = 17.9.34701.34
MinimumVisualStudioVersion = 10.0.40219.1
Project("{FAE04EC0-301F-11D3-BF4B-00C04F79EFBC}") = "ImageExtractionExample", "ImageExtractionExample\ImageExtractionExample.csproj", "{A0A4489E-B847-47CE-9E4D-870EB87880FA}"
EndProject
Global
	GlobalSection(SolutionConfigurationPlatforms) = preSolution
		Debug|Any CPU = Debug|Any CPU
		Release|Any CPU = Release|Any CPU
	EndGlobalSection
	GlobalSection(ProjectConfigurationPlatforms) = postSolution
		{A0A4489E-B847-47CE-9E4D-870EB87880FA}.Debug|Any CPU.ActiveCfg = Debug|Any CPU
		{A0A4489E-B847-47CE-9E4D-870EB87880FA}.Debug|Any CPU.Build.0 = Debug|Any CPU
		{A0A4489E-B847-47CE-9E4D-870EB87880FA}.Release|Any CPU.ActiveCfg = Release|Any CPU
		{A0A4489E-B847-47CE-9E4D-870EB87880FA}.Release|Any CPU.Build.0 = Release|Any CPU
	EndGlobalSection
	GlobalSection(SolutionProperties) = preSolution
		HideSolutionNode = FALSE
	EndGlobalSection
	GlobalSection(ExtensibilityGlobals) = postSolution
		SolutionGuid = {2100692C-663B-4DAA-A34A-715D8CF3346B}
	EndGlobalSection
EndGlobal
